{
  "object": {
    "pins": [
      {
        "package": "SDL",
        "repositoryURL": "https://github.com/PureSwift/SDL.git",
        "state": {
          "branch": "master",
          "revision": "79e193ee7ad11b76f5863205f4e2892f9369eed3",
          "version": null
        }
      }
    ]
  },
  "version": 1
}
