{
  "object": {
    "pins": [
      {
        "package": "SDL",
        "repositoryURL": "https://github.com/PureSwift/SDL.git",
        "state": {
          "branch": "master",
          "revision": "02c3e44d3bcd64d4a979677c5636d81e3e56012e",
          "version": null
        }
      }
    ]
  },
  "version": 1
}
