{
  "object": {
    "pins": [
      {
        "package": "SDL",
        "repositoryURL": "https://github.com/PureSwift/SDL.git",
        "state": {
          "branch": "master",
          "revision": "08236bfc291de1223910f51e5e1e5677ada647dd",
          "version": null
        }
      }
    ]
  },
  "version": 1
}
